
Microsoft Visual Studio Solution File, Format Version 12.00
# Visual Studio Version 17
VisualStudioVersion = 17.0.31903.59
MinimumVisualStudioVersion = 10.0.40219.1
Project("{9A19103F-16F7-4668-BE54-9A1E7A4F7556}") = "PracticeIdentity", "PracticeIdentity\PracticeIdentity.csproj", "{9E972329-0715-4DC5-BC21-70D1027755A4}"
EndProject
Project("{FAE04EC0-301F-11D3-BF4B-00C04F79EFBC}") = "XUnitTest", "XUnitTest\XUnitTest.csproj", "{87D32A18-946A-41C1-82E4-FF25207FD473}"
EndProject
Project("{FAE04EC0-301F-11D3-BF4B-00C04F79EFBC}") = "DbSeeder", "DbSeeder\DbSeeder.csproj", "{258A9C0F-D86D-4DA9-88BE-9DE086BC60A5}"
EndProject
Global
	GlobalSection(SolutionConfigurationPlatforms) = preSolution
		Debug|Any CPU = Debug|Any CPU
		Release|Any CPU = Release|Any CPU
	EndGlobalSection
	GlobalSection(ProjectConfigurationPlatforms) = postSolution
		{9E972329-0715-4DC5-BC21-70D1027755A4}.Debug|Any CPU.ActiveCfg = Debug|Any CPU
		{9E972329-0715-4DC5-BC21-70D1027755A4}.Debug|Any CPU.Build.0 = Debug|Any CPU
		{9E972329-0715-4DC5-BC21-70D1027755A4}.Release|Any CPU.ActiveCfg = Release|Any CPU
		{9E972329-0715-4DC5-BC21-70D1027755A4}.Release|Any CPU.Build.0 = Release|Any CPU
		{87D32A18-946A-41C1-82E4-FF25207FD473}.Debug|Any CPU.ActiveCfg = Debug|Any CPU
		{87D32A18-946A-41C1-82E4-FF25207FD473}.Debug|Any CPU.Build.0 = Debug|Any CPU
		{87D32A18-946A-41C1-82E4-FF25207FD473}.Release|Any CPU.ActiveCfg = Release|Any CPU
		{87D32A18-946A-41C1-82E4-FF25207FD473}.Release|Any CPU.Build.0 = Release|Any CPU
		{258A9C0F-D86D-4DA9-88BE-9DE086BC60A5}.Debug|Any CPU.ActiveCfg = Debug|Any CPU
		{258A9C0F-D86D-4DA9-88BE-9DE086BC60A5}.Debug|Any CPU.Build.0 = Debug|Any CPU
		{258A9C0F-D86D-4DA9-88BE-9DE086BC60A5}.Release|Any CPU.ActiveCfg = Release|Any CPU
		{258A9C0F-D86D-4DA9-88BE-9DE086BC60A5}.Release|Any CPU.Build.0 = Release|Any CPU
	EndGlobalSection
	GlobalSection(SolutionProperties) = preSolution
		HideSolutionNode = FALSE
	EndGlobalSection
EndGlobal
